
Microsoft Visual Studio Solution File, Format Version 12.00
# Visual Studio Version 17
VisualStudioVersion = 17.13.35806.99 d17.13
MinimumVisualStudioVersion = 10.0.40219.1
Project("{FAE04EC0-301F-11D3-BF4B-00C04F79EFBC}") = "Aula01", "Aula01\Aula01.csproj", "{4CDE39D6-6329-46C1-903F-A5EE254FAE44}"
EndProject
Global
	GlobalSection(SolutionConfigurationPlatforms) = preSolution
		Debug|Any CPU = Debug|Any CPU
		Release|Any CPU = Release|Any CPU
	EndGlobalSection
	GlobalSection(ProjectConfigurationPlatforms) = postSolution
		{4CDE39D6-6329-46C1-903F-A5EE254FAE44}.Debug|Any CPU.ActiveCfg = Debug|Any CPU
		{4CDE39D6-6329-46C1-903F-A5EE254FAE44}.Debug|Any CPU.Build.0 = Debug|Any CPU
		{4CDE39D6-6329-46C1-903F-A5EE254FAE44}.Release|Any CPU.ActiveCfg = Release|Any CPU
		{4CDE39D6-6329-46C1-903F-A5EE254FAE44}.Release|Any CPU.Build.0 = Release|Any CPU
	EndGlobalSection
	GlobalSection(SolutionProperties) = preSolution
		HideSolutionNode = FALSE
	EndGlobalSection
	GlobalSection(ExtensibilityGlobals) = postSolution
		SolutionGuid = {21A7EF8B-F49B-45EE-878A-D9DD814EF398}
	EndGlobalSection
EndGlobal
