
Microsoft Visual Studio Solution File, Format Version 12.00
# Visual Studio Version 17
VisualStudioVersion = 17.13.35806.99 d17.13
MinimumVisualStudioVersion = 10.0.40219.1
Project("{FAE04EC0-301F-11D3-BF4B-00C04F79EFBC}") = "Aula04Recursividade", "Aula04Recursividade.csproj", "{2EC0C1A6-430E-4B54-9CFE-C229348079DE}"
EndProject
Global
	GlobalSection(SolutionConfigurationPlatforms) = preSolution
		Debug|Any CPU = Debug|Any CPU
		Release|Any CPU = Release|Any CPU
	EndGlobalSection
	GlobalSection(ProjectConfigurationPlatforms) = postSolution
		{2EC0C1A6-430E-4B54-9CFE-C229348079DE}.Debug|Any CPU.ActiveCfg = Debug|Any CPU
		{2EC0C1A6-430E-4B54-9CFE-C229348079DE}.Debug|Any CPU.Build.0 = Debug|Any CPU
		{2EC0C1A6-430E-4B54-9CFE-C229348079DE}.Release|Any CPU.ActiveCfg = Release|Any CPU
		{2EC0C1A6-430E-4B54-9CFE-C229348079DE}.Release|Any CPU.Build.0 = Release|Any CPU
	EndGlobalSection
	GlobalSection(SolutionProperties) = preSolution
		HideSolutionNode = FALSE
	EndGlobalSection
	GlobalSection(ExtensibilityGlobals) = postSolution
		SolutionGuid = {5E1EE0B4-311B-4223-9A4A-6D892B80F1FA}
	EndGlobalSection
EndGlobal
