
Microsoft Visual Studio Solution File, Format Version 12.00
# Visual Studio Version 17
VisualStudioVersion = 17.13.35806.99 d17.13
MinimumVisualStudioVersion = 10.0.40219.1
Project("{FAE04EC0-301F-11D3-BF4B-00C04F79EFBC}") = "Aula05", "Aula05.csproj", "{12CAAEFE-B1C9-4F04-88CA-87E9D412E5FB}"
EndProject
Global
	GlobalSection(SolutionConfigurationPlatforms) = preSolution
		Debug|Any CPU = Debug|Any CPU
		Release|Any CPU = Release|Any CPU
	EndGlobalSection
	GlobalSection(ProjectConfigurationPlatforms) = postSolution
		{12CAAEFE-B1C9-4F04-88CA-87E9D412E5FB}.Debug|Any CPU.ActiveCfg = Debug|Any CPU
		{12CAAEFE-B1C9-4F04-88CA-87E9D412E5FB}.Debug|Any CPU.Build.0 = Debug|Any CPU
		{12CAAEFE-B1C9-4F04-88CA-87E9D412E5FB}.Release|Any CPU.ActiveCfg = Release|Any CPU
		{12CAAEFE-B1C9-4F04-88CA-87E9D412E5FB}.Release|Any CPU.Build.0 = Release|Any CPU
	EndGlobalSection
	GlobalSection(SolutionProperties) = preSolution
		HideSolutionNode = FALSE
	EndGlobalSection
	GlobalSection(ExtensibilityGlobals) = postSolution
		SolutionGuid = {F30F87DE-CEA7-472F-8145-FCBA0C7160F0}
	EndGlobalSection
EndGlobal
